
Microsoft Visual Studio Solution File, Format Version 12.00
# Visual Studio Version 16
VisualStudioVersion = 16.0.30717.126
MinimumVisualStudioVersion = 10.0.40219.1
Project("{9A19103F-16F7-4668-BE54-9A1E7A4F7556}") = "Identity_App", "Identity_App.csproj", "{C4A53711-55CC-47FB-911A-78EBC8F9524A}"
EndProject
Global
	GlobalSection(SolutionConfigurationPlatforms) = preSolution
		Debug|Any CPU = Debug|Any CPU
		Release|Any CPU = Release|Any CPU
	EndGlobalSection
	GlobalSection(ProjectConfigurationPlatforms) = postSolution
		{C4A53711-55CC-47FB-911A-78EBC8F9524A}.Debug|Any CPU.ActiveCfg = Debug|Any CPU
		{C4A53711-55CC-47FB-911A-78EBC8F9524A}.Debug|Any CPU.Build.0 = Debug|Any CPU
		{C4A53711-55CC-47FB-911A-78EBC8F9524A}.Release|Any CPU.ActiveCfg = Release|Any CPU
		{C4A53711-55CC-47FB-911A-78EBC8F9524A}.Release|Any CPU.Build.0 = Release|Any CPU
	EndGlobalSection
	GlobalSection(SolutionProperties) = preSolution
		HideSolutionNode = FALSE
	EndGlobalSection
	GlobalSection(ExtensibilityGlobals) = postSolution
		SolutionGuid = {46F02A52-07B3-469D-9A3D-60EB1CF38C85}
	EndGlobalSection
EndGlobal
