
Microsoft Visual Studio Solution File, Format Version 12.00
# Visual Studio Version 16
VisualStudioVersion = 16.0.30711.63
MinimumVisualStudioVersion = 10.0.40219.1
Project("{9A19103F-16F7-4668-BE54-9A1E7A4F7556}") = "Identification.Server", "Identification.Server\Identification.Server.csproj", "{8401FCCF-4064-4731-9D5B-73FA1B395568}"
EndProject
Project("{9A19103F-16F7-4668-BE54-9A1E7A4F7556}") = "Identification.Panel", "Identification.Panel\Identification.Panel.csproj", "{6213159F-382C-49AF-809E-CBFA82066C8F}"
EndProject
Project("{9A19103F-16F7-4668-BE54-9A1E7A4F7556}") = "Identification.Api", "Identification.Api\Identification.Api.csproj", "{41CCEEBB-D574-4BC3-AB1E-04C3F1E6180B}"
EndProject
Project("{9A19103F-16F7-4668-BE54-9A1E7A4F7556}") = "Identification.Models", "Identification.Models\Identification.Models.csproj", "{42D8BF07-5C99-4EA0-9B9C-9B4A4F847A88}"
EndProject
Global
	GlobalSection(SolutionConfigurationPlatforms) = preSolution
		Debug|Any CPU = Debug|Any CPU
		Release|Any CPU = Release|Any CPU
	EndGlobalSection
	GlobalSection(ProjectConfigurationPlatforms) = postSolution
		{8401FCCF-4064-4731-9D5B-73FA1B395568}.Debug|Any CPU.ActiveCfg = Debug|Any CPU
		{8401FCCF-4064-4731-9D5B-73FA1B395568}.Debug|Any CPU.Build.0 = Debug|Any CPU
		{8401FCCF-4064-4731-9D5B-73FA1B395568}.Release|Any CPU.ActiveCfg = Release|Any CPU
		{8401FCCF-4064-4731-9D5B-73FA1B395568}.Release|Any CPU.Build.0 = Release|Any CPU
		{6213159F-382C-49AF-809E-CBFA82066C8F}.Debug|Any CPU.ActiveCfg = Debug|Any CPU
		{6213159F-382C-49AF-809E-CBFA82066C8F}.Debug|Any CPU.Build.0 = Debug|Any CPU
		{6213159F-382C-49AF-809E-CBFA82066C8F}.Release|Any CPU.ActiveCfg = Release|Any CPU
		{6213159F-382C-49AF-809E-CBFA82066C8F}.Release|Any CPU.Build.0 = Release|Any CPU
		{41CCEEBB-D574-4BC3-AB1E-04C3F1E6180B}.Debug|Any CPU.ActiveCfg = Debug|Any CPU
		{41CCEEBB-D574-4BC3-AB1E-04C3F1E6180B}.Debug|Any CPU.Build.0 = Debug|Any CPU
		{41CCEEBB-D574-4BC3-AB1E-04C3F1E6180B}.Release|Any CPU.ActiveCfg = Release|Any CPU
		{41CCEEBB-D574-4BC3-AB1E-04C3F1E6180B}.Release|Any CPU.Build.0 = Release|Any CPU
		{42D8BF07-5C99-4EA0-9B9C-9B4A4F847A88}.Debug|Any CPU.ActiveCfg = Debug|Any CPU
		{42D8BF07-5C99-4EA0-9B9C-9B4A4F847A88}.Debug|Any CPU.Build.0 = Debug|Any CPU
		{42D8BF07-5C99-4EA0-9B9C-9B4A4F847A88}.Release|Any CPU.ActiveCfg = Release|Any CPU
		{42D8BF07-5C99-4EA0-9B9C-9B4A4F847A88}.Release|Any CPU.Build.0 = Release|Any CPU
	EndGlobalSection
	GlobalSection(SolutionProperties) = preSolution
		HideSolutionNode = FALSE
	EndGlobalSection
	GlobalSection(ExtensibilityGlobals) = postSolution
		SolutionGuid = {F5D2C755-31C7-42BB-BE6D-93A0306D6F19}
	EndGlobalSection
EndGlobal
